{
  "name": "chemicalevaluation-msds-portal",
  "version": "2.0.0",
  "lockfileVersion": 3,
  "requires": true,
  "packages": {
    "": {
      "name": "chemicalevaluation-msds-portal",
      "version": "2.0.0",
      "dependencies": {
        "@vercel/kv": "^2.0.0",
        "fast-xml-parser": "^4.5.0"
      }
    },
    "node_modules/@upstash/redis": {
      "version": "1.38.0",
      "resolved": "https://registry.npmjs.org/@upstash/redis/-/redis-1.38.0.tgz",
      "integrity": "sha512-wu+dZBptlLy0+MCUEoHmzrY/TnmgDey3+c7EbIGwrLqAvkP8yi5MWZHYGIFtAygmL4Bkz2TdFu+eU0vFPncIcg==",
      "license": "MIT",
      "dependencies": {
        "uncrypto": "^0.1.3"
      }
    },
    "node_modules/@vercel/kv": {
      "version": "2.0.0",
      "resolved": "https://registry.npmjs.org/@vercel/kv/-/kv-2.0.0.tgz",
      "integrity": "sha512-zdVrhbzZBYo5d1Hfn4bKtqCeKf0FuzW8rSHauzQVMUgv1+1JOwof2mWcBuI+YMJy8s0G0oqAUfQ7HgUDzb8EbA==",
      "deprecated": "Vercel KV is deprecated. If you had an existing KV store, it should have moved to Upstash Redis which you will see under Vercel Integrations. For new projects, install a Redis integration from Vercel Marketplace: https://vercel.com/marketplace?category=storage&search=redis",
      "license": "Apache-2.0",
      "dependencies": {
        "@upstash/redis": "^1.31.3"
      },
      "engines": {
        "node": ">=14.6"
      }
    },
    "node_modules/fast-xml-parser": {
      "version": "4.5.7",
      "resolved": "https://registry.npmjs.org/fast-xml-parser/-/fast-xml-parser-4.5.7.tgz",
      "integrity": "sha512-a6Qh1RMCNbSrU1+sAyAAZH3rTe+OaWJbNZIq0S+ifZciUUOQtlVxBJwoTUE2bYhysmG/RYyI5WJFIKdBahJdrQ==",
      "funding": [
        {
          "type": "github",
          "url": "https://github.com/sponsors/NaturalIntelligence"
        }
      ],
      "license": "MIT",
      "dependencies": {
        "strnum": "^1.0.5"
      },
      "bin": {
        "fxparser": "src/cli/cli.js"
      }
    },
    "node_modules/strnum": {
      "version": "1.1.2",
      "resolved": "https://registry.npmjs.org/strnum/-/strnum-1.1.2.tgz",
      "integrity": "sha512-vrN+B7DBIoTTZjnPNewwhx6cBA/H+IS7rfW68n7XxC1y7uoiGQBxaKzqucGUgavX15dJgiGztLJ8vxuEzwqBdA==",
      "funding": [
        {
          "type": "github",
          "url": "https://github.com/sponsors/NaturalIntelligence"
        }
      ],
      "license": "MIT"
    },
    "node_modules/uncrypto": {
      "version": "0.1.3",
      "resolved": "https://registry.npmjs.org/uncrypto/-/uncrypto-0.1.3.tgz",
      "integrity": "sha512-Ql87qFHB3s/De2ClA9e0gsnS6zXG27SkTiSJwjCc9MebbfapQfuPzumMIUMi38ezPZVNFcHI9sUIepeQfw8J8Q==",
      "license": "MIT"
    }
  }
}
